
Microsoft Visual Studio Solution File, Format Version 12.00
# Visual Studio Version 17
VisualStudioVersion = 17.3.32825.248
MinimumVisualStudioVersion = 10.0.40219.1
Project("{FAE04EC0-301F-11D3-BF4B-00C04F79EFBC}") = "KYC", "KYC\KYC.csproj", "{60935477-835B-44A5-90E7-1B6B5011BBB0}"
EndProject
Project("{FAE04EC0-301F-11D3-BF4B-00C04F79EFBC}") = "KYC.Tests", "KYC.Tests\KYC.Tests.csproj", "{6B8C6886-EFB8-46EB-9C22-7E1BF6CEFE4D}"
EndProject
Global
	GlobalSection(SolutionConfigurationPlatforms) = preSolution
		Debug|Any CPU = Debug|Any CPU
		Release|Any CPU = Release|Any CPU
	EndGlobalSection
	GlobalSection(ProjectConfigurationPlatforms) = postSolution
		{60935477-835B-44A5-90E7-1B6B5011BBB0}.Debug|Any CPU.ActiveCfg = Debug|Any CPU
		{60935477-835B-44A5-90E7-1B6B5011BBB0}.Debug|Any CPU.Build.0 = Debug|Any CPU
		{60935477-835B-44A5-90E7-1B6B5011BBB0}.Release|Any CPU.ActiveCfg = Release|Any CPU
		{60935477-835B-44A5-90E7-1B6B5011BBB0}.Release|Any CPU.Build.0 = Release|Any CPU
		{6B8C6886-EFB8-46EB-9C22-7E1BF6CEFE4D}.Debug|Any CPU.ActiveCfg = Debug|Any CPU
		{6B8C6886-EFB8-46EB-9C22-7E1BF6CEFE4D}.Debug|Any CPU.Build.0 = Debug|Any CPU
		{6B8C6886-EFB8-46EB-9C22-7E1BF6CEFE4D}.Release|Any CPU.ActiveCfg = Release|Any CPU
		{6B8C6886-EFB8-46EB-9C22-7E1BF6CEFE4D}.Release|Any CPU.Build.0 = Release|Any CPU
	EndGlobalSection
	GlobalSection(SolutionProperties) = preSolution
		HideSolutionNode = FALSE
	EndGlobalSection
	GlobalSection(ExtensibilityGlobals) = postSolution
		SolutionGuid = {62861611-2415-44B7-A6DC-B34143A81E02}
	EndGlobalSection
EndGlobal
